
Microsoft Visual Studio Solution File, Format Version 12.00
# Visual Studio Version 17
VisualStudioVersion = 17.14.36414.22 d17.14
MinimumVisualStudioVersion = 10.0.40219.1
Project("{8BC9CEB8-8B4A-11D0-8D11-00A0C91BC942}") = "SimpleMolecularDynamics", "SimpleMolecularDynamics\SimpleMolecularDynamics.vcxproj", "{FADFDBD3-2EBD-4B1C-AA18-310DD27F43C7}"
EndProject
Global
	GlobalSection(SolutionConfigurationPlatforms) = preSolution
		Debug|x64 = Debug|x64
		Debug|x86 = Debug|x86
		Release|x64 = Release|x64
		Release|x86 = Release|x86
		Release-CPU|x64 = Release-CPU|x64
		Release-CPU|x86 = Release-CPU|x86
		Release-GPU|x64 = Release-GPU|x64
		Release-GPU|x86 = Release-GPU|x86
	EndGlobalSection
	GlobalSection(ProjectConfigurationPlatforms) = postSolution
		{FADFDBD3-2EBD-4B1C-AA18-310DD27F43C7}.Debug|x64.ActiveCfg = Debug|x64
		{FADFDBD3-2EBD-4B1C-AA18-310DD27F43C7}.Debug|x64.Build.0 = Debug|x64
		{FADFDBD3-2EBD-4B1C-AA18-310DD27F43C7}.Debug|x86.ActiveCfg = Debug|Win32
		{FADFDBD3-2EBD-4B1C-AA18-310DD27F43C7}.Debug|x86.Build.0 = Debug|Win32
		{FADFDBD3-2EBD-4B1C-AA18-310DD27F43C7}.Release|x64.ActiveCfg = Release|x64
		{FADFDBD3-2EBD-4B1C-AA18-310DD27F43C7}.Release|x64.Build.0 = Release|x64
		{FADFDBD3-2EBD-4B1C-AA18-310DD27F43C7}.Release|x86.ActiveCfg = Release|Win32
		{FADFDBD3-2EBD-4B1C-AA18-310DD27F43C7}.Release|x86.Build.0 = Release|Win32
		{FADFDBD3-2EBD-4B1C-AA18-310DD27F43C7}.Release-CPU|x64.ActiveCfg = Release-GPU|x64
		{FADFDBD3-2EBD-4B1C-AA18-310DD27F43C7}.Release-CPU|x64.Build.0 = Release-GPU|x64
		{FADFDBD3-2EBD-4B1C-AA18-310DD27F43C7}.Release-CPU|x86.ActiveCfg = Release-CPU|Win32
		{FADFDBD3-2EBD-4B1C-AA18-310DD27F43C7}.Release-CPU|x86.Build.0 = Release-CPU|Win32
		{FADFDBD3-2EBD-4B1C-AA18-310DD27F43C7}.Release-GPU|x64.ActiveCfg = Release-GPU|x64
		{FADFDBD3-2EBD-4B1C-AA18-310DD27F43C7}.Release-GPU|x64.Build.0 = Release-GPU|x64
		{FADFDBD3-2EBD-4B1C-AA18-310DD27F43C7}.Release-GPU|x86.ActiveCfg = Release-GPU|Win32
		{FADFDBD3-2EBD-4B1C-AA18-310DD27F43C7}.Release-GPU|x86.Build.0 = Release-GPU|Win32
	EndGlobalSection
	GlobalSection(SolutionProperties) = preSolution
		HideSolutionNode = FALSE
	EndGlobalSection
	GlobalSection(ExtensibilityGlobals) = postSolution
		SolutionGuid = {2C6E49F3-FAF4-4710-BA55-2EB1E504E427}
	EndGlobalSection
EndGlobal
